
Microsoft Visual Studio Solution File, Format Version 12.00
# Visual Studio Version 17
VisualStudioVersion = 17.11.35327.3
MinimumVisualStudioVersion = 10.0.40219.1
Project("{54A90642-561A-4BB1-A94E-469ADEE60C69}") = "intelligentjobportal", "IntelligentJobPortal\intelligentjobportal.esproj", "{5664EC27-5852-4BBD-BB16-9E2539CFD18B}"
EndProject
Global
	GlobalSection(SolutionConfigurationPlatforms) = preSolution
		Debug|Any CPU = Debug|Any CPU
		Release|Any CPU = Release|Any CPU
	EndGlobalSection
	GlobalSection(ProjectConfigurationPlatforms) = postSolution
		{5664EC27-5852-4BBD-BB16-9E2539CFD18B}.Debug|Any CPU.ActiveCfg = Debug|Any CPU
		{5664EC27-5852-4BBD-BB16-9E2539CFD18B}.Debug|Any CPU.Build.0 = Debug|Any CPU
		{5664EC27-5852-4BBD-BB16-9E2539CFD18B}.Debug|Any CPU.Deploy.0 = Debug|Any CPU
		{5664EC27-5852-4BBD-BB16-9E2539CFD18B}.Release|Any CPU.ActiveCfg = Release|Any CPU
		{5664EC27-5852-4BBD-BB16-9E2539CFD18B}.Release|Any CPU.Build.0 = Release|Any CPU
		{5664EC27-5852-4BBD-BB16-9E2539CFD18B}.Release|Any CPU.Deploy.0 = Release|Any CPU
	EndGlobalSection
	GlobalSection(SolutionProperties) = preSolution
		HideSolutionNode = FALSE
	EndGlobalSection
	GlobalSection(ExtensibilityGlobals) = postSolution
		SolutionGuid = {3F20FA37-6C44-49AD-9248-F6865878F130}
	EndGlobalSection
EndGlobal
